
Microsoft Visual Studio Solution File, Format Version 12.00
# Visual Studio Version 17
VisualStudioVersion = 17.3.32825.248
MinimumVisualStudioVersion = 10.0.40219.1
Project("{FAE04EC0-301F-11D3-BF4B-00C04F79EFBC}") = "prjStdGrdEvaluation", "prjStdGrdEvaluation\prjStdGrdEvaluation.csproj", "{BFEAE458-822D-4365-A588-1E3C5D5E2850}"
EndProject
Global
	GlobalSection(SolutionConfigurationPlatforms) = preSolution
		Debug|Any CPU = Debug|Any CPU
		Release|Any CPU = Release|Any CPU
	EndGlobalSection
	GlobalSection(ProjectConfigurationPlatforms) = postSolution
		{BFEAE458-822D-4365-A588-1E3C5D5E2850}.Debug|Any CPU.ActiveCfg = Debug|Any CPU
		{BFEAE458-822D-4365-A588-1E3C5D5E2850}.Debug|Any CPU.Build.0 = Debug|Any CPU
		{BFEAE458-822D-4365-A588-1E3C5D5E2850}.Release|Any CPU.ActiveCfg = Release|Any CPU
		{BFEAE458-822D-4365-A588-1E3C5D5E2850}.Release|Any CPU.Build.0 = Release|Any CPU
	EndGlobalSection
	GlobalSection(SolutionProperties) = preSolution
		HideSolutionNode = FALSE
	EndGlobalSection
	GlobalSection(ExtensibilityGlobals) = postSolution
		SolutionGuid = {9BE51403-0554-4B7E-87B0-12F918B4A7E6}
	EndGlobalSection
EndGlobal
