
Microsoft Visual Studio Solution File, Format Version 12.00
# Visual Studio Version 17
VisualStudioVersion = 17.3.32825.248
MinimumVisualStudioVersion = 10.0.40219.1
Project("{FAE04EC0-301F-11D3-BF4B-00C04F79EFBC}") = "prjWinEmployeeManagement", "prjWinEmployeeManagement\prjWinEmployeeManagement.csproj", "{5A6B251B-3B3E-4E45-8F29-46AFC6EB0E01}"
EndProject
Global
	GlobalSection(SolutionConfigurationPlatforms) = preSolution
		Debug|Any CPU = Debug|Any CPU
		Release|Any CPU = Release|Any CPU
	EndGlobalSection
	GlobalSection(ProjectConfigurationPlatforms) = postSolution
		{5A6B251B-3B3E-4E45-8F29-46AFC6EB0E01}.Debug|Any CPU.ActiveCfg = Debug|Any CPU
		{5A6B251B-3B3E-4E45-8F29-46AFC6EB0E01}.Debug|Any CPU.Build.0 = Debug|Any CPU
		{5A6B251B-3B3E-4E45-8F29-46AFC6EB0E01}.Release|Any CPU.ActiveCfg = Release|Any CPU
		{5A6B251B-3B3E-4E45-8F29-46AFC6EB0E01}.Release|Any CPU.Build.0 = Release|Any CPU
	EndGlobalSection
	GlobalSection(SolutionProperties) = preSolution
		HideSolutionNode = FALSE
	EndGlobalSection
	GlobalSection(ExtensibilityGlobals) = postSolution
		SolutionGuid = {3BCB1E08-AC3D-461C-B37C-7B2BC6137B2C}
	EndGlobalSection
EndGlobal
